<?xml version="1.0" encoding="utf-8"?>
<Project ToolsVersion="4.0" xmlns="http://schemas.microsoft.com/developer/msbuild/2003">
  <ItemGroup>
    <ClCompile Include="pugi\src\pugixml.cpp" />
    <ClCompile Include="Aircraft.cpp">
      <Filter>Game Object\Source File</Filter>
    </ClCompile>
    <ClCompile Include="Bill.cpp">
      <Filter>Game Object\Source File</Filter>
    </ClCompile>
    <ClCompile Include="Bullet.cpp">
      <Filter>Game Object\Source File</Filter>
    </ClCompile>
    <ClCompile Include="BulletF.cpp">
      <Filter>Game Object\Source File</Filter>
    </ClCompile>
    <ClCompile Include="BulletL.cpp">
      <Filter>Game Object\Source File</Filter>
    </ClCompile>
    <ClCompile Include="BulletM.cpp">
      <Filter>Game Object\Source File</Filter>
    </ClCompile>
    <ClCompile Include="BulletN.cpp">
      <Filter>Game Object\Source File</Filter>
    </ClCompile>
    <ClCompile Include="BulletS.cpp">
      <Filter>Game Object\Source File</Filter>
    </ClCompile>
    <ClCompile Include="Cannon.cpp">
      <Filter>Game Object\Source File</Filter>
    </ClCompile>
    <ClCompile Include="Falcon.cpp">
      <Filter>Game Object\Source File</Filter>
    </ClCompile>
    <ClCompile Include="Fire.cpp">
      <Filter>Game Object\Source File</Filter>
    </ClCompile>
    <ClCompile Include="GameObject.cpp">
      <Filter>Game Object\Source File</Filter>
    </ClCompile>
    <ClCompile Include="Grass.cpp">
      <Filter>Game Object\Source File</Filter>
    </ClCompile>
    <ClCompile Include="Rifleman.cpp">
      <Filter>Game Object\Source File</Filter>
    </ClCompile>
    <ClCompile Include="ScubaSoldier.cpp">
      <Filter>Game Object\Source File</Filter>
    </ClCompile>
    <ClCompile Include="Soldier.cpp">
      <Filter>Game Object\Source File</Filter>
    </ClCompile>
    <ClCompile Include="WallTurret.cpp">
      <Filter>Game Object\Source File</Filter>
    </ClCompile>
    <ClCompile Include="Animation.cpp">
      <Filter>System\Source FIle</Filter>
    </ClCompile>
    <ClCompile Include="Animations.cpp">
      <Filter>System\Source FIle</Filter>
    </ClCompile>
    <ClCompile Include="Camera.cpp">
      <Filter>System\Source FIle</Filter>
    </ClCompile>
    <ClCompile Include="debug.cpp">
      <Filter>System\Source FIle</Filter>
    </ClCompile>
    <ClCompile Include="Game.cpp">
      <Filter>System\Source FIle</Filter>
    </ClCompile>
    <ClCompile Include="LoadResource.cpp">
      <Filter>System\Source FIle</Filter>
    </ClCompile>
    <ClCompile Include="main.cpp">
      <Filter>System\Source FIle</Filter>
    </ClCompile>
    <ClCompile Include="SampleKeyEventHandler.cpp">
      <Filter>System\Source FIle</Filter>
    </ClCompile>
    <ClCompile Include="Sprite.cpp">
      <Filter>System\Source FIle</Filter>
    </ClCompile>
    <ClCompile Include="Sprites.cpp">
      <Filter>System\Source FIle</Filter>
    </ClCompile>
    <ClCompile Include="Textures.cpp">
      <Filter>System\Source FIle</Filter>
    </ClCompile>
    <ClCompile Include="WorldPart.cpp">
      <Filter>Game Object\Source File</Filter>
    </ClCompile>
    <ClCompile Include="World.cpp">
      <Filter>Game Object\Source File</Filter>
    </ClCompile>
    <ClCompile Include="Collision.cpp">
      <Filter>System\Source FIle</Filter>
    </ClCompile>
  </ItemGroup>
  <ItemGroup>
    <ClInclude Include="define.h" />
    <ClInclude Include="pugi\src\pugiconfig.hpp" />
    <ClInclude Include="pugi\src\pugixml.hpp" />
    <ClInclude Include="resource.h" />
    <ClInclude Include="Aircraft.h">
      <Filter>Game Object\Header</Filter>
    </ClInclude>
    <ClInclude Include="Bill.h">
      <Filter>Game Object\Header</Filter>
    </ClInclude>
    <ClInclude Include="Bullet.h">
      <Filter>Game Object\Header</Filter>
    </ClInclude>
    <ClInclude Include="BulletF.h">
      <Filter>Game Object\Header</Filter>
    </ClInclude>
    <ClInclude Include="BulletL.h">
      <Filter>Game Object\Header</Filter>
    </ClInclude>
    <ClInclude Include="BulletM.h">
      <Filter>Game Object\Header</Filter>
    </ClInclude>
    <ClInclude Include="BulletN.h">
      <Filter>Game Object\Header</Filter>
    </ClInclude>
    <ClInclude Include="BulletS.h">
      <Filter>Game Object\Header</Filter>
    </ClInclude>
    <ClInclude Include="Cannon.h">
      <Filter>Game Object\Header</Filter>
    </ClInclude>
    <ClInclude Include="Falcon.h">
      <Filter>Game Object\Header</Filter>
    </ClInclude>
    <ClInclude Include="Fire.h">
      <Filter>Game Object\Header</Filter>
    </ClInclude>
    <ClInclude Include="GameObject.h">
      <Filter>Game Object\Header</Filter>
    </ClInclude>
    <ClInclude Include="Grass.h">
      <Filter>Game Object\Header</Filter>
    </ClInclude>
    <ClInclude Include="Rifleman.h">
      <Filter>Game Object\Header</Filter>
    </ClInclude>
    <ClInclude Include="ScubaSoldier.h">
      <Filter>Game Object\Header</Filter>
    </ClInclude>
    <ClInclude Include="Soldier.h">
      <Filter>Game Object\Header</Filter>
    </ClInclude>
    <ClInclude Include="WallTurret.h">
      <Filter>Game Object\Header</Filter>
    </ClInclude>
    <ClInclude Include="Animation.h">
      <Filter>System\Header</Filter>
    </ClInclude>
    <ClInclude Include="AnimationFrame.h">
      <Filter>System\Header</Filter>
    </ClInclude>
    <ClInclude Include="Animations.h">
      <Filter>System\Header</Filter>
    </ClInclude>
    <ClInclude Include="Camera.h">
      <Filter>System\Header</Filter>
    </ClInclude>
    <ClInclude Include="debug.h">
      <Filter>System\Header</Filter>
    </ClInclude>
    <ClInclude Include="Game.h">
      <Filter>System\Header</Filter>
    </ClInclude>
    <ClInclude Include="KeyEventHandler.h">
      <Filter>System\Header</Filter>
    </ClInclude>
    <ClInclude Include="LoadResource.h">
      <Filter>System\Header</Filter>
    </ClInclude>
    <ClInclude Include="SampleKeyEventHandler.h">
      <Filter>System\Header</Filter>
    </ClInclude>
    <ClInclude Include="Sprite.h">
      <Filter>System\Header</Filter>
    </ClInclude>
    <ClInclude Include="Sprites.h">
      <Filter>System\Header</Filter>
    </ClInclude>
    <ClInclude Include="Texture.h">
      <Filter>System\Header</Filter>
    </ClInclude>
    <ClInclude Include="Textures.h">
      <Filter>System\Header</Filter>
    </ClInclude>
    <ClInclude Include="World.h">
      <Filter>Game Object\Header</Filter>
    </ClInclude>
    <ClInclude Include="WorldPart.h">
      <Filter>Game Object\Header</Filter>
    </ClInclude>
    <ClInclude Include="Collision.h">
      <Filter>System\Header</Filter>
    </ClInclude>
  </ItemGroup>
  <ItemGroup>
    <None Include="packages.config" />
  </ItemGroup>
  <ItemGroup>
    <ResourceCompile Include="ContraGame.rc" />
  </ItemGroup>
  <ItemGroup>
    <Filter Include="Game Object">
      <UniqueIdentifier>{75fb0e24-514e-4569-8b16-fb5bf255b577}</UniqueIdentifier>
    </Filter>
    <Filter Include="Game Object\Header">
      <UniqueIdentifier>{5b994de5-1da0-435c-bb44-06f92e16e5a2}</UniqueIdentifier>
    </Filter>
    <Filter Include="Game Object\Source File">
      <UniqueIdentifier>{3b4cce28-664e-4ab1-baaa-08809ae88354}</UniqueIdentifier>
    </Filter>
    <Filter Include="System">
      <UniqueIdentifier>{23d0d888-1af8-4369-b048-2071c7c98d9a}</UniqueIdentifier>
    </Filter>
    <Filter Include="System\Header">
      <UniqueIdentifier>{228e8ab6-ee0e-412a-bae2-6fda1fe8ccbf}</UniqueIdentifier>
    </Filter>
    <Filter Include="System\Source FIle">
      <UniqueIdentifier>{a0ecc55a-e315-44a6-a3e9-37fdfd5466bd}</UniqueIdentifier>
    </Filter>
  </ItemGroup>
</Project>